{
  "pins" : [
    {
      "identity" : "alamofire",
      "kind" : "remoteSourceControl",
      "location" : "https://gitee.com/fandongtongxue_admin/Alamofire.git",
      "state" : {
        "revision" : "78424be314842833c04bc3bef5b72e85fff99204",
        "version" : "5.6.4"
      }
    },
    {
      "identity" : "handyjson",
      "kind" : "remoteSourceControl",
      "location" : "https://gitee.com/fandongtongxue_admin/HandyJSON.git",
      "state" : {
        "branch" : "master",
        "revision" : "f0b15db3bc0c51e935ea2385d6e33d412f04fffe"
      }
    },
    {
      "identity" : "ohhttpstubs",
      "kind" : "remoteSourceControl",
      "location" : "https://gitee.com/fandongtongxue_admin/OHHTTPStubs.git",
      "state" : {
        "revision" : "12f19662426d0434d6c330c6974d53e2eb10ecd9",
        "version" : "9.1.0"
      }
    },
    {
      "identity" : "rxalamofire",
      "kind" : "remoteSourceControl",
      "location" : "https://gitee.com/fandongtongxue_admin/RxAlamofire.git",
      "state" : {
        "branch" : "main",
        "revision" : "4f347ed49af0688f7e08844302ac7880cdc5ce71"
      }
    },
    {
      "identity" : "rxfdnetwork",
      "kind" : "remoteSourceControl",
      "location" : "https://gitee.com/fandongtongxue_admin/RxFDNetwork.git",
      "state" : {
        "branch" : "main",
        "revision" : "a4f1e16a8696e6b7add888b64059b6ef4c734702"
      }
    },
    {
      "identity" : "rxswift",
      "kind" : "remoteSourceControl",
      "location" : "https://gitee.com/fandongtongxue_admin/RxSwift.git",
      "state" : {
        "revision" : "b4307ba0b6425c0ba4178e138799946c3da594f8",
        "version" : "6.5.0"
      }
    }
  ],
  "version" : 2
}
